// !$*UTF8*$!
{
	archiveVersion = 1;
	classes = {
	};
	objectVersion = 46;
	objects = {

/* Begin PBXBuildFile section */
		4A6834D31C51324700880E9C /* AppDelegate.swift in Sources */ = {isa = PBXBuildFile; fileRef = 4A6834D21C51324700880E9C /* AppDelegate.swift */; };
		4A6834D51C51324700880E9C /* ViewController.swift in Sources */ = {isa = PBXBuildFile; fileRef = 4A6834D41C51324700880E9C /* ViewController.swift */; };
		4A6834D81C51324700880E9C /* Main.storyboard in Resources */ = {isa = PBXBuildFile; fileRef = 4A6834D61C51324700880E9C /* Main.storyboard */; };
		4A6834DA1C51324700880E9C /* Assets.xcassets in Resources */ = {isa = PBXBuildFile; fileRef = 4A6834D91C51324700880E9C /* Assets.xcassets */; };
		4A6834DD1C51324700880E9C /* LaunchScreen.storyboard in Resources */ = {isa = PBXBuildFile; fileRef = 4A6834DB1C51324700880E9C /* LaunchScreen.storyboard */; };
		4A6834E81C51324700880E9C /* AudioketabTests.swift in Sources */ = {isa = PBXBuildFile; fileRef = 4A6834E71C51324700880E9C /* AudioketabTests.swift */; };
		4A6834F31C51324800880E9C /* AudioketabUITests.swift in Sources */ = {isa = PBXBuildFile; fileRef = 4A6834F21C51324800880E9C /* AudioketabUITests.swift */; };
/* End PBXBuildFile section */

/* Begin PBXContainerItemProxy section */
		4A6834E41C51324700880E9C /* PBXContainerItemProxy */ = {
			isa = PBXContainerItemProxy;
			containerPortal = 4A6834C71C51324600880E9C /* Project object */;
			proxyType = 1;
			remoteGlobalIDString = 4A6834CE1C51324600880E9C;
			remoteInfo = Audioketab;
		};
		4A6834EF1C51324800880E9C /* PBXContainerItemProxy */ = {
			isa = PBXContainerItemProxy;
			containerPortal = 4A6834C71C51324600880E9C /* Project object */;
			proxyType = 1;
			remoteGlobalIDString = 4A6834CE1C51324600880E9C;
			remoteInfo = Audioketab;
		};
/* End PBXContainerItemProxy section */

/* Begin PBXFileReference section */
		4A6834CF1C51324700880E9C /* Audioketab.app */ = {isa = PBXFileReference; explicitFileType = wrapper.application; includeInIndex = 0; path = Audioketab.app; sourceTree = BUILT_PRODUCTS_DIR; };
		4A6834D21C51324700880E9C /* AppDelegate.swift */ = {isa = PBXFileReference; lastKnownFileType = sourcecode.swift; path = AppDelegate.swift; sourceTree = "<group>"; };
		4A6834D41C51324700880E9C /* ViewController.swift */ = {isa = PBXFileReference; lastKnownFileType = sourcecode.swift; path = ViewController.swift; sourceTree = "<group>"; };
		4A6834D71C51324700880E9C /* Base */ = {isa = PBXFileReference; lastKnownFileType = file.storyboard; name = Base; path = Base.lproj/Main.storyboard; sourceTree = "<group>"; };
		4A6834D91C51324700880E9C /* Assets.xcassets */ = {isa = PBXFileReference; lastKnownFileType = folder.assetcatalog; path = Assets.xcassets; sourceTree = "<group>"; };
		4A6834DC1C51324700880E9C /* Base */ = {isa = PBXFileReference; lastKnownFileType = file.storyboard; name = Base; path = Base.lproj/LaunchScreen.storyboard; sourceTree = "<group>"; };
		4A6834DE1C51324700880E9C /* Info.plist */ = {isa = PBXFileReference; lastKnownFileType = text.plist.xml; path = Info.plist; sourceTree = "<group>"; };
		4A6834E31C51324700880E9C /* AudioketabTests.xctest */ = {isa = PBXFileReference; explicitFileType = wrapper.cfbundle; includeInIndex = 0; path = AudioketabTests.xctest; sourceTree = BUILT_PRODUCTS_DIR; };
		4A6834E71C51324700880E9C /* AudioketabTests.swift */ = {isa = PBXFileReference; lastKnownFileType = sourcecode.swift; path = AudioketabTests.swift; sourceTree = "<group>"; };
		4A6834E91C51324700880E9C /* Info.plist */ = {isa = PBXFileReference; lastKnownFileType = text.plist.xml; path = Info.plist; sourceTree = "<group>"; };
		4A6834EE1C51324800880E9C /* AudioketabUITests.xctest */ = {isa = PBXFileReference; explicitFileType = wrapper.cfbundle; includeInIndex = 0; path = AudioketabUITests.xctest; sourceTree = BUILT_PRODUCTS_DIR; };
		4A6834F21C51324800880E9C /* AudioketabUITests.swift */ = {isa = PBXFileReference; lastKnownFileType = sourcecode.swift; path = AudioketabUITests.swift; sourceTree = "<group>"; };
		4A6834F41C51324800880E9C /* Info.plist */ = {isa = PBXFileReference; lastKnownFileType = text.plist.xml; path = Info.plist; sourceTree = "<group>"; };
/* End PBXFileReference section */

/* Begin PBXFrameworksBuildPhase section */
		4A6834CC1C51324600880E9C /* Frameworks */ = {
			isa = PBXFrameworksBuildPhase;
			buildActionMask = 2147483647;
			files = (
			);
			runOnlyForDeploymentPostprocessing = 0;
		};
		4A6834E01C51324700880E9C /* Frameworks */ = {
			isa = PBXFrameworksBuildPhase;
			buildActionMask = 2147483647;
			files = (
			);
			runOnlyForDeploymentPostprocessing = 0;
		};
		4A6834EB1C51324700880E9C /* Frameworks */ = {
			isa = PBXFrameworksBuildPhase;
			buildActionMask = 2147483647;
			files = (
			);
			runOnlyForDeploymentPostprocessing = 0;
		};
/* End PBXFrameworksBuildPhase section */

/* Begin PBXGroup section */
		4A6834C61C51324600880E9C = {
			isa = PBXGroup;
			children = (
				4A6834D11C51324700880E9C /* Audioketab */,
				4A6834E61C51324700880E9C /* AudioketabTests */,
				4A6834F11C51324800880E9C /* AudioketabUITests */,
				4A6834D01C51324700880E9C /* Products */,
			);
			sourceTree = "<group>";
		};
		4A6834D01C51324700880E9C /* Products */ = {
			isa = PBXGroup;
			children = (
				4A6834CF1C51324700880E9C /* Audioketab.app */,
				4A6834E31C51324700880E9C /* AudioketabTests.xctest */,
				4A6834EE1C51324800880E9C /* AudioketabUITests.xctest */,
			);
			name = Products;
			sourceTree = "<group>";
		};
		4A6834D11C51324700880E9C /* Audioketab */ = {
			isa = PBXGroup;
			children = (
				4A6834D21C51324700880E9C /* AppDelegate.swift */,
				4A6834D41C51324700880E9C /* ViewController.swift */,
				4A6834D61C51324700880E9C /* Main.storyboard */,
				4A6834D91C51324700880E9C /* Assets.xcassets */,
				4A6834DB1C51324700880E9C /* LaunchScreen.storyboard */,
				4A6834DE1C51324700880E9C /* Info.plist */,
			);
			path = Audioketab;
			sourceTree = "<group>";
		};
		4A6834E61C51324700880E9C /* AudioketabTests */ = {
			isa = PBXGroup;
			children = (
				4A6834E71C51324700880E9C /* AudioketabTests.swift */,
				4A6834E91C51324700880E9C /* Info.plist */,
			);
			path = AudioketabTests;
			sourceTree = "<group>";
		};
		4A6834F11C51324800880E9C /* AudioketabUITests */ = {
			isa = PBXGroup;
			children = (
				4A6834F21C51324800880E9C /* AudioketabUITests.swift */,
				4A6834F41C51324800880E9C /* Info.plist */,
			);
			path = AudioketabUITests;
			sourceTree = "<group>";
		};
/* End PBXGroup section */

/* Begin PBXNativeTarget section */
		4A6834CE1C51324600880E9C /* Audioketab */ = {
			isa = PBXNativeTarget;
			buildConfigurationList = 4A6834F71C51324800880E9C /* Build configuration list for PBXNativeTarget "Audioketab" */;
			buildPhases = (
				4A6834CB1C51324600880E9C /* Sources */,
				4A6834CC1C51324600880E9C /* Frameworks */,
				4A6834CD1C51324600880E9C /* Resources */,
			);
			buildRules = (
			);
			dependencies = (
			);
			name = Audioketab;
			productName = Audioketab;
			productReference = 4A6834CF1C51324700880E9C /* Audioketab.app */;
			productType = "com.apple.product-type.application";
		};
		4A6834E21C51324700880E9C /* AudioketabTests */ = {
			isa = PBXNativeTarget;
			buildConfigurationList = 4A6834FA1C51324800880E9C /* Build configuration list for PBXNativeTarget "AudioketabTests" */;
			buildPhases = (
				4A6834DF1C51324700880E9C /* Sources */,
				4A6834E01C51324700880E9C /* Frameworks */,
				4A6834E11C51324700880E9C /* Resources */,
			);
			buildRules = (
			);
			dependencies = (
				4A6834E51C51324700880E9C /* PBXTargetDependency */,
			);
			name = AudioketabTests;
			productName = AudioketabTests;
			productReference = 4A6834E31C51324700880E9C /* AudioketabTests.xctest */;
			productType = "com.apple.product-type.bundle.unit-test";
		};
		4A6834ED1C51324700880E9C /* AudioketabUITests */ = {
			isa = PBXNativeTarget;
			buildConfigurationList = 4A6834FD1C51324800880E9C /* Build configuration list for PBXNativeTarget "AudioketabUITests" */;
			buildPhases = (
				4A6834EA1C51324700880E9C /* Sources */,
				4A6834EB1C51324700880E9C /* Frameworks */,
				4A6834EC1C51324700880E9C /* Resources */,
			);
			buildRules = (
			);
			dependencies = (
				4A6834F01C51324800880E9C /* PBXTargetDependency */,
			);
			name = AudioketabUITests;
			productName = AudioketabUITests;
			productReference = 4A6834EE1C51324800880E9C /* AudioketabUITests.xctest */;
			productType = "com.apple.product-type.bundle.ui-testing";
		};
/* End PBXNativeTarget section */

/* Begin PBXProject section */
		4A6834C71C51324600880E9C /* Project object */ = {
			isa = PBXProject;
			attributes = {
				LastSwiftUpdateCheck = 0720;
				LastUpgradeCheck = 0720;
				ORGANIZATIONNAME = TTND;
				TargetAttributes = {
					4A6834CE1C51324600880E9C = {
						CreatedOnToolsVersion = 7.2;
					};
					4A6834E21C51324700880E9C = {
						CreatedOnToolsVersion = 7.2;
						TestTargetID = 4A6834CE1C51324600880E9C;
					};
					4A6834ED1C51324700880E9C = {
						CreatedOnToolsVersion = 7.2;
						TestTargetID = 4A6834CE1C51324600880E9C;
					};
				};
			};
			buildConfigurationList = 4A6834CA1C51324600880E9C /* Build configuration list for PBXProject "Audioketab" */;
			compatibilityVersion = "Xcode 3.2";
			developmentRegion = English;
			hasScannedForEncodings = 0;
			knownRegions = (
				en,
				Base,
			);
			mainGroup = 4A6834C61C51324600880E9C;
			productRefGroup = 4A6834D01C51324700880E9C /* Products */;
			projectDirPath = "";
			projectRoot = "";
			targets = (
				4A6834CE1C51324600880E9C /* Audioketab */,
				4A6834E21C51324700880E9C /* AudioketabTests */,
				4A6834ED1C51324700880E9C /* AudioketabUITests */,
			);
		};
/* End PBXProject section */

/* Begin PBXResourcesBuildPhase section */
		4A6834CD1C51324600880E9C /* Resources */ = {
			isa = PBXResourcesBuildPhase;
			buildActionMask = 2147483647;
			files = (
				4A6834DD1C51324700880E9C /* LaunchScreen.storyboard in Resources */,
				4A6834DA1C51324700880E9C /* Assets.xcassets in Resources */,
				4A6834D81C51324700880E9C /* Main.storyboard in Resources */,
			);
			runOnlyForDeploymentPostprocessing = 0;
		};
		4A6834E11C51324700880E9C /* Resources */ = {
			isa = PBXResourcesBuildPhase;
			buildActionMask = 2147483647;
			files = (
			);
			runOnlyForDeploymentPostprocessing = 0;
		};
		4A6834EC1C51324700880E9C /* Resources */ = {
			isa = PBXResourcesBuildPhase;
			buildActionMask = 2147483647;
			files = (
			);
			runOnlyForDeploymentPostprocessing = 0;
		};
/* End PBXResourcesBuildPhase section */

/* Begin PBXSourcesBuildPhase section */
		4A6834CB1C51324600880E9C /* Sources */ = {
			isa = PBXSourcesBuildPhase;
			buildActionMask = 2147483647;
			files = (
				4A6834D51C51324700880E9C /* ViewController.swift in Sources */,
				4A6834D31C51324700880E9C /* AppDelegate.swift in Sources */,
			);
			runOnlyForDeploymentPostprocessing = 0;
		};
		4A6834DF1C51324700880E9C /* Sources */ = {
			isa = PBXSourcesBuildPhase;
			buildActionMask = 2147483647;
			files = (
				4A6834E81C51324700880E9C /* AudioketabTests.swift in Sources */,
			);
			runOnlyForDeploymentPostprocessing = 0;
		};
		4A6834EA1C51324700880E9C /* Sources */ = {
			isa = PBXSourcesBuildPhase;
			buildActionMask = 2147483647;
			files = (
				4A6834F31C51324800880E9C /* AudioketabUITests.swift in Sources */,
			);
			runOnlyForDeploymentPostprocessing = 0;
		};
/* End PBXSourcesBuildPhase section */

/* Begin PBXTargetDependency section */
		4A6834E51C51324700880E9C /* PBXTargetDependency */ = {
			isa = PBXTargetDependency;
			target = 4A6834CE1C51324600880E9C /* Audioketab */;
			targetProxy = 4A6834E41C51324700880E9C /* PBXContainerItemProxy */;
		};
		4A6834F01C51324800880E9C /* PBXTargetDependency */ = {
			isa = PBXTargetDependency;
			target = 4A6834CE1C51324600880E9C /* Audioketab */;
			targetProxy = 4A6834EF1C51324800880E9C /* PBXContainerItemProxy */;
		};
/* End PBXTargetDependency section */

/* Begin PBXVariantGroup section */
		4A6834D61C51324700880E9C /* Main.storyboard */ = {
			isa = PBXVariantGroup;
			children = (
				4A6834D71C51324700880E9C /* Base */,
			);
			name = Main.storyboard;
			sourceTree = "<group>";
		};
		4A6834DB1C51324700880E9C /* LaunchScreen.storyboard */ = {
			isa = PBXVariantGroup;
			children = (
				4A6834DC1C51324700880E9C /* Base */,
			);
			name = LaunchScreen.storyboard;
			sourceTree = "<group>";
		};
/* End PBXVariantGroup section */

/* Begin XCBuildConfiguration section */
		4A6834F51C51324800880E9C /* Debug */ = {
			isa = XCBuildConfiguration;
			buildSettings = {
				ALWAYS_SEARCH_USER_PATHS = NO;
				CLANG_CXX_LANGUAGE_STANDARD = "gnu++0x";
				CLANG_CXX_LIBRARY = "libc++";
				CLANG_ENABLE_MODULES = YES;
				CLANG_ENABLE_OBJC_ARC = YES;
				CLANG_WARN_BOOL_CONVERSION = YES;
				CLANG_WARN_CONSTANT_CONVERSION = YES;
				CLANG_WARN_DIRECT_OBJC_ISA_USAGE = YES_ERROR;
				CLANG_WARN_EMPTY_BODY = YES;
				CLANG_WARN_ENUM_CONVERSION = YES;
				CLANG_WARN_INT_CONVERSION = YES;
				CLANG_WARN_OBJC_ROOT_CLASS = YES_ERROR;
				CLANG_WARN_UNREACHABLE_CODE = YES;
				CLANG_WARN__DUPLICATE_METHOD_MATCH = YES;
				"CODE_SIGN_IDENTITY[sdk=iphoneos*]" = "iPhone Developer";
				COPY_PHASE_STRIP = NO;
				DEBUG_INFORMATION_FORMAT = dwarf;
				ENABLE_STRICT_OBJC_MSGSEND = YES;
				ENABLE_TESTABILITY = YES;
				GCC_C_LANGUAGE_STANDARD = gnu99;
				GCC_DYNAMIC_NO_PIC = NO;
				GCC_NO_COMMON_BLOCKS = YES;
				GCC_OPTIMIZATION_LEVEL = 0;
				GCC_PREPROCESSOR_DEFINITIONS = (
					"DEBUG=1",
					"$(inherited)",
				);
				GCC_WARN_64_TO_32_BIT_CONVERSION = YES;
				GCC_WARN_ABOUT_RETURN_TYPE = YES_ERROR;
				GCC_WARN_UNDECLARED_SELECTOR = YES;
				GCC_WARN_UNINITIALIZED_AUTOS = YES_AGGRESSIVE;
				GCC_WARN_UNUSED_FUNCTION = YES;
				GCC_WARN_UNUSED_VARIABLE = YES;
				IPHONEOS_DEPLOYMENT_TARGET = 9.2;
				MTL_ENABLE_DEBUG_INFO = YES;
				ONLY_ACTIVE_ARCH = YES;
				SDKROOT = iphoneos;
				SWIFT_OPTIMIZATION_LEVEL = "-Onone";
			};
			name = Debug;
		};
		4A6834F61C51324800880E9C /* Release */ = {
			isa = XCBuildConfiguration;
			buildSettings = {
				ALWAYS_SEARCH_USER_PATHS = NO;
				CLANG_CXX_LANGUAGE_STANDARD = "gnu++0x";
				CLANG_CXX_LIBRARY = "libc++";
				CLANG_ENABLE_MODULES = YES;
				CLANG_ENABLE_OBJC_ARC = YES;
				CLANG_WARN_BOOL_CONVERSION = YES;
				CLANG_WARN_CONSTANT_CONVERSION = YES;
				CLANG_WARN_DIRECT_OBJC_ISA_USAGE = YES_ERROR;
				CLANG_WARN_EMPTY_BODY = YES;
				CLANG_WARN_ENUM_CONVERSION = YES;
				CLANG_WARN_INT_CONVERSION = YES;
				CLANG_WARN_OBJC_ROOT_CLASS = YES_ERROR;
				CLANG_WARN_UNREACHABLE_CODE = YES;
				CLANG_WARN__DUPLICATE_METHOD_MATCH = YES;
				"CODE_SIGN_IDENTITY[sdk=iphoneos*]" = "iPhone Developer";
				COPY_PHASE_STRIP = NO;
				DEBUG_INFORMATION_FORMAT = "dwarf-with-dsym";
				ENABLE_NS_ASSERTIONS = NO;
				ENABLE_STRICT_OBJC_MSGSEND = YES;
				GCC_C_LANGUAGE_STANDARD = gnu99;
				GCC_NO_COMMON_BLOCKS = YES;
				GCC_WARN_64_TO_32_BIT_CONVERSION = YES;
				GCC_WARN_ABOUT_RETURN_TYPE = YES_ERROR;
				GCC_WARN_UNDECLARED_SELECTOR = YES;
				GCC_WARN_UNINITIALIZED_AUTOS = YES_AGGRESSIVE;
				GCC_WARN_UNUSED_FUNCTION = YES;
				GCC_WARN_UNUSED_VARIABLE = YES;
				IPHONEOS_DEPLOYMENT_TARGET = 9.2;
				MTL_ENABLE_DEBUG_INFO = NO;
				SDKROOT = iphoneos;
				VALIDATE_PRODUCT = YES;
			};
			name = Release;
		};
		4A6834F81C51324800880E9C /* Debug */ = {
			isa = XCBuildConfiguration;
			buildSettings = {
				ASSETCATALOG_COMPILER_APPICON_NAME = AppIcon;
				INFOPLIST_FILE = Audioketab/Info.plist;
				LD_RUNPATH_SEARCH_PATHS = "$(inherited) @executable_path/Frameworks";
				PRODUCT_BUNDLE_IDENTIFIER = com.intelligrape.Audioketab;
				PRODUCT_NAME = "$(TARGET_NAME)";
			};
			name = Debug;
		};
		4A6834F91C51324800880E9C /* Release */ = {
			isa = XCBuildConfiguration;
			buildSettings = {
				ASSETCATALOG_COMPILER_APPICON_NAME = AppIcon;
				INFOPLIST_FILE = Audioketab/Info.plist;
				LD_RUNPATH_SEARCH_PATHS = "$(inherited) @executable_path/Frameworks";
				PRODUCT_BUNDLE_IDENTIFIER = com.intelligrape.Audioketab;
				PRODUCT_NAME = "$(TARGET_NAME)";
			};
			name = Release;
		};
		4A6834FB1C51324800880E9C /* Debug */ = {
			isa = XCBuildConfiguration;
			buildSettings = {
				BUNDLE_LOADER = "$(TEST_HOST)";
				INFOPLIST_FILE = AudioketabTests/Info.plist;
				LD_RUNPATH_SEARCH_PATHS = "$(inherited) @executable_path/Frameworks @loader_path/Frameworks";
				PRODUCT_BUNDLE_IDENTIFIER = com.intelligrape.AudioketabTests;
				PRODUCT_NAME = "$(TARGET_NAME)";
				TEST_HOST = "$(BUILT_PRODUCTS_DIR)/Audioketab.app/Audioketab";
			};
			name = Debug;
		};
		4A6834FC1C51324800880E9C /* Release */ = {
			isa = XCBuildConfiguration;
			buildSettings = {
				BUNDLE_LOADER = "$(TEST_HOST)";
				INFOPLIST_FILE = AudioketabTests/Info.plist;
				LD_RUNPATH_SEARCH_PATHS = "$(inherited) @executable_path/Frameworks @loader_path/Frameworks";
				PRODUCT_BUNDLE_IDENTIFIER = com.intelligrape.AudioketabTests;
				PRODUCT_NAME = "$(TARGET_NAME)";
				TEST_HOST = "$(BUILT_PRODUCTS_DIR)/Audioketab.app/Audioketab";
			};
			name = Release;
		};
		4A6834FE1C51324800880E9C /* Debug */ = {
			isa = XCBuildConfiguration;
			buildSettings = {
				INFOPLIST_FILE = AudioketabUITests/Info.plist;
				LD_RUNPATH_SEARCH_PATHS = "$(inherited) @executable_path/Frameworks @loader_path/Frameworks";
				PRODUCT_BUNDLE_IDENTIFIER = com.intelligrape.AudioketabUITests;
				PRODUCT_NAME = "$(TARGET_NAME)";
				TEST_TARGET_NAME = Audioketab;
				USES_XCTRUNNER = YES;
			};
			name = Debug;
		};
		4A6834FF1C51324800880E9C /* Release */ = {
			isa = XCBuildConfiguration;
			buildSettings = {
				INFOPLIST_FILE = AudioketabUITests/Info.plist;
				LD_RUNPATH_SEARCH_PATHS = "$(inherited) @executable_path/Frameworks @loader_path/Frameworks";
				PRODUCT_BUNDLE_IDENTIFIER = com.intelligrape.AudioketabUITests;
				PRODUCT_NAME = "$(TARGET_NAME)";
				TEST_TARGET_NAME = Audioketab;
				USES_XCTRUNNER = YES;
			};
			name = Release;
		};
/* End XCBuildConfiguration section */

/* Begin XCConfigurationList section */
		4A6834CA1C51324600880E9C /* Build configuration list for PBXProject "Audioketab" */ = {
			isa = XCConfigurationList;
			buildConfigurations = (
				4A6834F51C51324800880E9C /* Debug */,
				4A6834F61C51324800880E9C /* Release */,
			);
			defaultConfigurationIsVisible = 0;
			defaultConfigurationName = Release;
		};
		4A6834F71C51324800880E9C /* Build configuration list for PBXNativeTarget "Audioketab" */ = {
			isa = XCConfigurationList;
			buildConfigurations = (
				4A6834F81C51324800880E9C /* Debug */,
				4A6834F91C51324800880E9C /* Release */,
			);
			defaultConfigurationIsVisible = 0;
		};
		4A6834FA1C51324800880E9C /* Build configuration list for PBXNativeTarget "AudioketabTests" */ = {
			isa = XCConfigurationList;
			buildConfigurations = (
				4A6834FB1C51324800880E9C /* Debug */,
				4A6834FC1C51324800880E9C /* Release */,
			);
			defaultConfigurationIsVisible = 0;
		};
		4A6834FD1C51324800880E9C /* Build configuration list for PBXNativeTarget "AudioketabUITests" */ = {
			isa = XCConfigurationList;
			buildConfigurations = (
				4A6834FE1C51324800880E9C /* Debug */,
				4A6834FF1C51324800880E9C /* Release */,
			);
			defaultConfigurationIsVisible = 0;
		};
/* End XCConfigurationList section */
	};
	rootObject = 4A6834C71C51324600880E9C /* Project object */;
}
